{
  "name": "new-age",
  "version": "3.3.7",
  "lockfileVersion": 1,
  "requires": true,
  "dependencies": {
    "angular": {
      "version": "1.6.5",
      "resolved": "https://registry.npmjs.org/angular/-/angular-1.6.5.tgz",
      "integrity": "sha1-N/eI7r7Fzi4/oCsXu8sqIxV2oNY="
    },
    "angular-route": {
      "version": "1.6.5",
      "resolved": "https://registry.npmjs.org/angular-route/-/angular-route-1.6.5.tgz",
      "integrity": "sha1-r0VZMpn1WHTQJhAYrbEVIKOBfSo="
    },
    "bootstrap": {
      "version": "3.4.1",
      "resolved": "https://registry.npmjs.org/bootstrap/-/bootstrap-3.4.1.tgz",
      "integrity": "sha512-yN5oZVmRCwe5aKwzRj6736nSmKDX7pLYwsXiCj/EYmo16hODaBiT4En5btW/jhBF/seV+XMx3aYwukYC3A49DA==",
      "dev": true
    },
    "browser-sync": {
      "version": "2.18.12",
      "resolved": "https://registry.npmjs.org/browser-sync/-/browser-sync-2.18.12.tgz",
      "integrity": "sha1-u6oKF6lh4rXwqOdg5pUCcYZmR3k=",
      "dev": true
    },
    "font-awesome": {
      "version": "4.7.0",
      "resolved": "https://registry.npmjs.org/font-awesome/-/font-awesome-4.7.0.tgz",
      "integrity": "sha1-j6jPBBGhoxr9B7BtKQK7n8gVoTM=",
      "dev": true
    },
    "gulp": {
      "version": "3.9.1",
      "resolved": "https://registry.npmjs.org/gulp/-/gulp-3.9.1.tgz",
      "integrity": "sha1-VxzkWSjdQK9lFPxAEYZgFsE4RbQ=",
      "dev": true,
      "dependencies": {
        "semver": {
          "version": "4.3.6",
          "resolved": "https://registry.npmjs.org/semver/-/semver-4.3.6.tgz",
          "integrity": "sha1-MAvG4OhjdPe6YQaLWx7NV/xlMto="
        }
      }
    },
    "gulp-angular-filesort": {
      "version": "1.1.1",
      "resolved": "https://registry.npmjs.org/gulp-angular-filesort/-/gulp-angular-filesort-1.1.1.tgz",
      "integrity": "sha1-oIz/WtWzoYVU8wtNTl2IlScsskI=",
      "dev": true
    },
    "gulp-clean-css": {
      "version": "2.4.0",
      "resolved": "https://registry.npmjs.org/gulp-clean-css/-/gulp-clean-css-2.4.0.tgz",
      "integrity": "sha1-KuSBCf6DzMln/1rVPARJSaSGOzY=",
      "dev": true
    },
    "gulp-concat": {
      "version": "2.6.1",
      "resolved": "https://registry.npmjs.org/gulp-concat/-/gulp-concat-2.6.1.tgz",
      "integrity": "sha1-Yz0WyV2IUEYorQJmVmPO5aR5M1M=",
      "dev": true,
      "dependencies": {
        "clone": {
          "version": "2.1.1",
          "resolved": "https://registry.npmjs.org/clone/-/clone-2.1.1.tgz",
          "integrity": "sha1-0hfR6WERjjrJpLi7oyhVU79kfNs="
        },
        "clone-stats": {
          "version": "1.0.0",
          "resolved": "https://registry.npmjs.org/clone-stats/-/clone-stats-1.0.0.tgz",
          "integrity": "sha1-s3gt/4u1R04Yuba/D9/ngvh3doA="
        },
        "replace-ext": {
          "version": "1.0.0",
          "resolved": "https://registry.npmjs.org/replace-ext/-/replace-ext-1.0.0.tgz",
          "integrity": "sha1-3mMSg3P8v3w8z6TeWkgMRaZ5WOs="
        },
        "vinyl": {
          "version": "2.1.0",
          "resolved": "https://registry.npmjs.org/vinyl/-/vinyl-2.1.0.tgz",
          "integrity": "sha1-Ah+cLPlR1rk5lDyJ617lrdT9kkw="
        }
      }
    },
    "gulp-header": {
      "version": "1.8.8",
      "resolved": "https://registry.npmjs.org/gulp-header/-/gulp-header-1.8.8.tgz",
      "integrity": "sha1-RQnGRneqtWte6ORmmnmxZVkzpJ4=",
      "dev": true
    },
    "gulp-less": {
      "version": "3.3.2",
      "resolved": "https://registry.npmjs.org/gulp-less/-/gulp-less-3.3.2.tgz",
      "integrity": "sha1-9mNq3MZhUKiQJxn6WZY/x/hipJo=",
      "dev": true
    },
    "gulp-rename": {
      "version": "1.2.2",
      "resolved": "https://registry.npmjs.org/gulp-rename/-/gulp-rename-1.2.2.tgz",
      "integrity": "sha1-OtRCh2PwXidk3sHGfYaNsnVoeBc=",
      "dev": true
    },
    "gulp-uglify": {
      "version": "1.5.4",
      "resolved": "https://registry.npmjs.org/gulp-uglify/-/gulp-uglify-1.5.4.tgz",
      "integrity": "sha1-UkeI2HZm0J+dDCH7IXf5ADmmWMk=",
      "dev": true,
      "dependencies": {
        "async": {
          "version": "0.2.10",
          "resolved": "https://registry.npmjs.org/async/-/async-0.2.10.tgz",
          "integrity": "sha1-trvgsGdLnXGXCMo43owjfLUmw9E="
        },
        "cliui": {
          "version": "2.1.0",
          "resolved": "https://registry.npmjs.org/cliui/-/cliui-2.1.0.tgz",
          "integrity": "sha1-S0dXYP+AJkx2LDoXGQMukcf+oNE="
        },
        "uglify-js": {
          "version": "2.6.4",
          "resolved": "https://registry.npmjs.org/uglify-js/-/uglify-js-2.6.4.tgz",
          "integrity": "sha1-ZeovswWck5RpLxX+2HwrNsFrmt8="
        },
        "window-size": {
          "version": "0.1.0",
          "resolved": "https://registry.npmjs.org/window-size/-/window-size-0.1.0.tgz",
          "integrity": "sha1-VDjNLqk7IC76Ohn+iIeu58lPnJ0="
        },
        "yargs": {
          "version": "3.10.0",
          "resolved": "https://registry.npmjs.org/yargs/-/yargs-3.10.0.tgz",
          "integrity": "sha1-9+572FfdfB0tOMDnTvvWgdFDH9E="
        }
      }
    },
    "jquery": {
      "version": "1.12.4",
      "resolved": "https://registry.npmjs.org/jquery/-/jquery-1.12.4.tgz",
      "integrity": "sha1-AeHfuikP5z3rp3zurLD5ui/sngw=",
      "dev": true
    },
    "simple-line-icons": {
      "version": "2.4.1",
      "resolved": "https://registry.npmjs.org/simple-line-icons/-/simple-line-icons-2.4.1.tgz",
      "integrity": "sha1-t1vFoNh+UwkowszaVzUnS7JW8jQ="
    }
  }
}
